
Microsoft Visual Studio Solution File, Format Version 12.00
# Visual Studio Version 17
VisualStudioVersion = 17.14.36518.9
MinimumVisualStudioVersion = 10.0.40219.1
Project("{FAE04EC0-301F-11D3-BF4B-00C04F79EFBC}") = "LookUp.Scanner", "LookUp.Core\LookUp.Scanner.csproj", "{3732670D-6DE4-8C29-F680-54F7D5751CAB}"
EndProject
Project("{FAE04EC0-301F-11D3-BF4B-00C04F79EFBC}") = "LookUp", "LookUp\LookUp.csproj", "{D3158728-6F6F-457D-B447-5C324EE09570}"
EndProject
Project("{FAE04EC0-301F-11D3-BF4B-00C04F79EFBC}") = "LookUp.Website", "LookUp.Website\LookUp.Website.csproj", "{A47DBD5C-522E-4FA0-86A2-64A15AE82E60}"
EndProject
Project("{FAE04EC0-301F-11D3-BF4B-00C04F79EFBC}") = "LookUp.Tests", "LookUp.Tests\LookUp.Tests.csproj", "{19659074-6CCB-4463-84AA-A205542C2DFE}"
EndProject
Global
	GlobalSection(SolutionConfigurationPlatforms) = preSolution
		Debug|Any CPU = Debug|Any CPU
		Release|Any CPU = Release|Any CPU
	EndGlobalSection
	GlobalSection(ProjectConfigurationPlatforms) = postSolution
		{3732670D-6DE4-8C29-F680-54F7D5751CAB}.Debug|Any CPU.ActiveCfg = Debug|Any CPU
		{3732670D-6DE4-8C29-F680-54F7D5751CAB}.Debug|Any CPU.Build.0 = Debug|Any CPU
		{3732670D-6DE4-8C29-F680-54F7D5751CAB}.Release|Any CPU.ActiveCfg = Release|Any CPU
		{3732670D-6DE4-8C29-F680-54F7D5751CAB}.Release|Any CPU.Build.0 = Release|Any CPU
		{D3158728-6F6F-457D-B447-5C324EE09570}.Debug|Any CPU.ActiveCfg = Debug|Any CPU
		{D3158728-6F6F-457D-B447-5C324EE09570}.Debug|Any CPU.Build.0 = Debug|Any CPU
		{D3158728-6F6F-457D-B447-5C324EE09570}.Release|Any CPU.ActiveCfg = Release|Any CPU
		{D3158728-6F6F-457D-B447-5C324EE09570}.Release|Any CPU.Build.0 = Release|Any CPU
		{A47DBD5C-522E-4FA0-86A2-64A15AE82E60}.Debug|Any CPU.ActiveCfg = Debug|Any CPU
		{A47DBD5C-522E-4FA0-86A2-64A15AE82E60}.Debug|Any CPU.Build.0 = Debug|Any CPU
		{A47DBD5C-522E-4FA0-86A2-64A15AE82E60}.Release|Any CPU.ActiveCfg = Release|Any CPU
		{A47DBD5C-522E-4FA0-86A2-64A15AE82E60}.Release|Any CPU.Build.0 = Release|Any CPU
		{19659074-6CCB-4463-84AA-A205542C2DFE}.Debug|Any CPU.ActiveCfg = Debug|Any CPU
		{19659074-6CCB-4463-84AA-A205542C2DFE}.Debug|Any CPU.Build.0 = Debug|Any CPU
		{19659074-6CCB-4463-84AA-A205542C2DFE}.Release|Any CPU.ActiveCfg = Release|Any CPU
		{19659074-6CCB-4463-84AA-A205542C2DFE}.Release|Any CPU.Build.0 = Release|Any CPU
	EndGlobalSection
	GlobalSection(SolutionProperties) = preSolution
		HideSolutionNode = FALSE
	EndGlobalSection
	GlobalSection(ExtensibilityGlobals) = postSolution
		SolutionGuid = {18B1D682-A4E6-4D91-A498-3004A53B29B7}
	EndGlobalSection
EndGlobal
